
Microsoft Visual Studio Solution File, Format Version 12.00
# Visual Studio Version 16
VisualStudioVersion = 25.0.1700.5
MinimumVisualStudioVersion = 10.0.40219.1
Project("{FAE04EC0-301F-11D3-BF4B-00C04F79EFBC}") = "WorkWise", "WorkWise.csproj", "{AFF0E294-2FDD-4A2E-A187-63B7CB5A382C}"
EndProject
Global
	GlobalSection(SolutionConfigurationPlatforms) = preSolution
		Debug|Any CPU = Debug|Any CPU
		Release|Any CPU = Release|Any CPU
	EndGlobalSection
	GlobalSection(ProjectConfigurationPlatforms) = postSolution
		{AFF0E294-2FDD-4A2E-A187-63B7CB5A382C}.Debug|Any CPU.ActiveCfg = Debug|Any CPU
		{AFF0E294-2FDD-4A2E-A187-63B7CB5A382C}.Debug|Any CPU.Build.0 = Debug|Any CPU
		{AFF0E294-2FDD-4A2E-A187-63B7CB5A382C}.Release|Any CPU.ActiveCfg = Release|Any CPU
		{AFF0E294-2FDD-4A2E-A187-63B7CB5A382C}.Release|Any CPU.Build.0 = Release|Any CPU
	EndGlobalSection
	GlobalSection(SolutionProperties) = preSolution
		HideSolutionNode = FALSE
	EndGlobalSection
	GlobalSection(ExtensibilityGlobals) = postSolution
		SolutionGuid = {DAAB9B7D-9DE9-4FDB-A314-6068BBF1D4A6}
	EndGlobalSection
EndGlobal
